// !$*UTF8*$!
{
	archiveVersion = 1;
	classes = {
	};
	objectVersion = 48;
	objects = {

/* Begin PBXBuildFile section */
		D65EA5621FAC25510079D825 /* AppDelegate.swift in Sources */ = {isa = PBXBuildFile; fileRef = D65EA5611FAC25510079D825 /* AppDelegate.swift */; };
		D65EA5641FAC25510079D825 /* ViewController.swift in Sources */ = {isa = PBXBuildFile; fileRef = D65EA5631FAC25510079D825 /* ViewController.swift */; };
		D65EA5671FAC25510079D825 /* Main.storyboard in Resources */ = {isa = PBXBuildFile; fileRef = D65EA5651FAC25510079D825 /* Main.storyboard */; };
		D65EA5691FAC25510079D825 /* Assets.xcassets in Resources */ = {isa = PBXBuildFile; fileRef = D65EA5681FAC25510079D825 /* Assets.xcassets */; };
		D65EA56C1FAC25510079D825 /* LaunchScreen.storyboard in Resources */ = {isa = PBXBuildFile; fileRef = D65EA56A1FAC25510079D825 /* LaunchScreen.storyboard */; };
		D65EA5771FAC25510079D825 /* ParsingDataActorTests.swift in Sources */ = {isa = PBXBuildFile; fileRef = D65EA5761FAC25510079D825 /* ParsingDataActorTests.swift */; };
		D65EA5821FAC25520079D825 /* ParsingDataActorUITests.swift in Sources */ = {isa = PBXBuildFile; fileRef = D65EA5811FAC25520079D825 /* ParsingDataActorUITests.swift */; };
		D65EA5901FAC267C0079D825 /* TaskTableViewController.swift in Sources */ = {isa = PBXBuildFile; fileRef = D65EA58F1FAC267C0079D825 /* TaskTableViewController.swift */; };
		D65EA5921FAC26930079D825 /* TaskTableViewCell.swift in Sources */ = {isa = PBXBuildFile; fileRef = D65EA5911FAC26930079D825 /* TaskTableViewCell.swift */; };
		D65EA5941FAC26AE0079D825 /* Actors.swift in Sources */ = {isa = PBXBuildFile; fileRef = D65EA5931FAC26AE0079D825 /* Actors.swift */; };
		D65EA5961FAC3B830079D825 /* isiViewController.swift in Sources */ = {isa = PBXBuildFile; fileRef = D65EA5951FAC3B830079D825 /* isiViewController.swift */; };
/* End PBXBuildFile section */

/* Begin PBXContainerItemProxy section */
		D65EA5731FAC25510079D825 /* PBXContainerItemProxy */ = {
			isa = PBXContainerItemProxy;
			containerPortal = D65EA5561FAC25510079D825 /* Project object */;
			proxyType = 1;
			remoteGlobalIDString = D65EA55D1FAC25510079D825;
			remoteInfo = ParsingDataActor;
		};
		D65EA57E1FAC25520079D825 /* PBXContainerItemProxy */ = {
			isa = PBXContainerItemProxy;
			containerPortal = D65EA5561FAC25510079D825 /* Project object */;
			proxyType = 1;
			remoteGlobalIDString = D65EA55D1FAC25510079D825;
			remoteInfo = ParsingDataActor;
		};
/* End PBXContainerItemProxy section */

/* Begin PBXFileReference section */
		D65EA55E1FAC25510079D825 /* ParsingDataActor.app */ = {isa = PBXFileReference; explicitFileType = wrapper.application; includeInIndex = 0; path = ParsingDataActor.app; sourceTree = BUILT_PRODUCTS_DIR; };
		D65EA5611FAC25510079D825 /* AppDelegate.swift */ = {isa = PBXFileReference; lastKnownFileType = sourcecode.swift; path = AppDelegate.swift; sourceTree = "<group>"; };
		D65EA5631FAC25510079D825 /* ViewController.swift */ = {isa = PBXFileReference; lastKnownFileType = sourcecode.swift; path = ViewController.swift; sourceTree = "<group>"; };
		D65EA5661FAC25510079D825 /* Base */ = {isa = PBXFileReference; lastKnownFileType = file.storyboard; name = Base; path = Base.lproj/Main.storyboard; sourceTree = "<group>"; };
		D65EA5681FAC25510079D825 /* Assets.xcassets */ = {isa = PBXFileReference; lastKnownFileType = folder.assetcatalog; path = Assets.xcassets; sourceTree = "<group>"; };
		D65EA56B1FAC25510079D825 /* Base */ = {isa = PBXFileReference; lastKnownFileType = file.storyboard; name = Base; path = Base.lproj/LaunchScreen.storyboard; sourceTree = "<group>"; };
		D65EA56D1FAC25510079D825 /* Info.plist */ = {isa = PBXFileReference; lastKnownFileType = text.plist.xml; path = Info.plist; sourceTree = "<group>"; };
		D65EA5721FAC25510079D825 /* ParsingDataActorTests.xctest */ = {isa = PBXFileReference; explicitFileType = wrapper.cfbundle; includeInIndex = 0; path = ParsingDataActorTests.xctest; sourceTree = BUILT_PRODUCTS_DIR; };
		D65EA5761FAC25510079D825 /* ParsingDataActorTests.swift */ = {isa = PBXFileReference; lastKnownFileType = sourcecode.swift; path = ParsingDataActorTests.swift; sourceTree = "<group>"; };
		D65EA5781FAC25510079D825 /* Info.plist */ = {isa = PBXFileReference; lastKnownFileType = text.plist.xml; path = Info.plist; sourceTree = "<group>"; };
		D65EA57D1FAC25520079D825 /* ParsingDataActorUITests.xctest */ = {isa = PBXFileReference; explicitFileType = wrapper.cfbundle; includeInIndex = 0; path = ParsingDataActorUITests.xctest; sourceTree = BUILT_PRODUCTS_DIR; };
		D65EA5811FAC25520079D825 /* ParsingDataActorUITests.swift */ = {isa = PBXFileReference; lastKnownFileType = sourcecode.swift; path = ParsingDataActorUITests.swift; sourceTree = "<group>"; };
		D65EA5831FAC25520079D825 /* Info.plist */ = {isa = PBXFileReference; lastKnownFileType = text.plist.xml; path = Info.plist; sourceTree = "<group>"; };
		D65EA58F1FAC267C0079D825 /* TaskTableViewController.swift */ = {isa = PBXFileReference; lastKnownFileType = sourcecode.swift; path = TaskTableViewController.swift; sourceTree = SOURCE_ROOT; };
		D65EA5911FAC26930079D825 /* TaskTableViewCell.swift */ = {isa = PBXFileReference; lastKnownFileType = sourcecode.swift; path = TaskTableViewCell.swift; sourceTree = SOURCE_ROOT; };
		D65EA5931FAC26AE0079D825 /* Actors.swift */ = {isa = PBXFileReference; lastKnownFileType = sourcecode.swift; path = Actors.swift; sourceTree = SOURCE_ROOT; };
		D65EA5951FAC3B830079D825 /* isiViewController.swift */ = {isa = PBXFileReference; lastKnownFileType = sourcecode.swift; path = isiViewController.swift; sourceTree = SOURCE_ROOT; };
/* End PBXFileReference section */

/* Begin PBXFrameworksBuildPhase section */
		D65EA55B1FAC25510079D825 /* Frameworks */ = {
			isa = PBXFrameworksBuildPhase;
			buildActionMask = 2147483647;
			files = (
			);
			runOnlyForDeploymentPostprocessing = 0;
		};
		D65EA56F1FAC25510079D825 /* Frameworks */ = {
			isa = PBXFrameworksBuildPhase;
			buildActionMask = 2147483647;
			files = (
			);
			runOnlyForDeploymentPostprocessing = 0;
		};
		D65EA57A1FAC25520079D825 /* Frameworks */ = {
			isa = PBXFrameworksBuildPhase;
			buildActionMask = 2147483647;
			files = (
			);
			runOnlyForDeploymentPostprocessing = 0;
		};
/* End PBXFrameworksBuildPhase section */

/* Begin PBXGroup section */
		D65EA5551FAC25510079D825 = {
			isa = PBXGroup;
			children = (
				D65EA5601FAC25510079D825 /* ParsingDataActor */,
				D65EA5751FAC25510079D825 /* ParsingDataActorTests */,
				D65EA5801FAC25520079D825 /* ParsingDataActorUITests */,
				D65EA55F1FAC25510079D825 /* Products */,
			);
			sourceTree = "<group>";
		};
		D65EA55F1FAC25510079D825 /* Products */ = {
			isa = PBXGroup;
			children = (
				D65EA55E1FAC25510079D825 /* ParsingDataActor.app */,
				D65EA5721FAC25510079D825 /* ParsingDataActorTests.xctest */,
				D65EA57D1FAC25520079D825 /* ParsingDataActorUITests.xctest */,
			);
			name = Products;
			sourceTree = "<group>";
		};
		D65EA5601FAC25510079D825 /* ParsingDataActor */ = {
			isa = PBXGroup;
			children = (
				D65EA5611FAC25510079D825 /* AppDelegate.swift */,
				D65EA5631FAC25510079D825 /* ViewController.swift */,
				D65EA5651FAC25510079D825 /* Main.storyboard */,
				D65EA5681FAC25510079D825 /* Assets.xcassets */,
				D65EA56A1FAC25510079D825 /* LaunchScreen.storyboard */,
				D65EA56D1FAC25510079D825 /* Info.plist */,
				D65EA58F1FAC267C0079D825 /* TaskTableViewController.swift */,
				D65EA5911FAC26930079D825 /* TaskTableViewCell.swift */,
				D65EA5931FAC26AE0079D825 /* Actors.swift */,
				D65EA5951FAC3B830079D825 /* isiViewController.swift */,
			);
			path = ParsingDataActor;
			sourceTree = "<group>";
		};
		D65EA5751FAC25510079D825 /* ParsingDataActorTests */ = {
			isa = PBXGroup;
			children = (
				D65EA5761FAC25510079D825 /* ParsingDataActorTests.swift */,
				D65EA5781FAC25510079D825 /* Info.plist */,
			);
			path = ParsingDataActorTests;
			sourceTree = "<group>";
		};
		D65EA5801FAC25520079D825 /* ParsingDataActorUITests */ = {
			isa = PBXGroup;
			children = (
				D65EA5811FAC25520079D825 /* ParsingDataActorUITests.swift */,
				D65EA5831FAC25520079D825 /* Info.plist */,
			);
			path = ParsingDataActorUITests;
			sourceTree = "<group>";
		};
/* End PBXGroup section */

/* Begin PBXNativeTarget section */
		D65EA55D1FAC25510079D825 /* ParsingDataActor */ = {
			isa = PBXNativeTarget;
			buildConfigurationList = D65EA5861FAC25520079D825 /* Build configuration list for PBXNativeTarget "ParsingDataActor" */;
			buildPhases = (
				D65EA55A1FAC25510079D825 /* Sources */,
				D65EA55B1FAC25510079D825 /* Frameworks */,
				D65EA55C1FAC25510079D825 /* Resources */,
			);
			buildRules = (
			);
			dependencies = (
			);
			name = ParsingDataActor;
			productName = ParsingDataActor;
			productReference = D65EA55E1FAC25510079D825 /* ParsingDataActor.app */;
			productType = "com.apple.product-type.application";
		};
		D65EA5711FAC25510079D825 /* ParsingDataActorTests */ = {
			isa = PBXNativeTarget;
			buildConfigurationList = D65EA5891FAC25520079D825 /* Build configuration list for PBXNativeTarget "ParsingDataActorTests" */;
			buildPhases = (
				D65EA56E1FAC25510079D825 /* Sources */,
				D65EA56F1FAC25510079D825 /* Frameworks */,
				D65EA5701FAC25510079D825 /* Resources */,
			);
			buildRules = (
			);
			dependencies = (
				D65EA5741FAC25510079D825 /* PBXTargetDependency */,
			);
			name = ParsingDataActorTests;
			productName = ParsingDataActorTests;
			productReference = D65EA5721FAC25510079D825 /* ParsingDataActorTests.xctest */;
			productType = "com.apple.product-type.bundle.unit-test";
		};
		D65EA57C1FAC25520079D825 /* ParsingDataActorUITests */ = {
			isa = PBXNativeTarget;
			buildConfigurationList = D65EA58C1FAC25520079D825 /* Build configuration list for PBXNativeTarget "ParsingDataActorUITests" */;
			buildPhases = (
				D65EA5791FAC25520079D825 /* Sources */,
				D65EA57A1FAC25520079D825 /* Frameworks */,
				D65EA57B1FAC25520079D825 /* Resources */,
			);
			buildRules = (
			);
			dependencies = (
				D65EA57F1FAC25520079D825 /* PBXTargetDependency */,
			);
			name = ParsingDataActorUITests;
			productName = ParsingDataActorUITests;
			productReference = D65EA57D1FAC25520079D825 /* ParsingDataActorUITests.xctest */;
			productType = "com.apple.product-type.bundle.ui-testing";
		};
/* End PBXNativeTarget section */

/* Begin PBXProject section */
		D65EA5561FAC25510079D825 /* Project object */ = {
			isa = PBXProject;
			attributes = {
				LastSwiftUpdateCheck = 0900;
				LastUpgradeCheck = 0900;
				ORGANIZATIONNAME = "Be Dev";
				TargetAttributes = {
					D65EA55D1FAC25510079D825 = {
						CreatedOnToolsVersion = 9.0;
						ProvisioningStyle = Automatic;
					};
					D65EA5711FAC25510079D825 = {
						CreatedOnToolsVersion = 9.0;
						ProvisioningStyle = Automatic;
						TestTargetID = D65EA55D1FAC25510079D825;
					};
					D65EA57C1FAC25520079D825 = {
						CreatedOnToolsVersion = 9.0;
						ProvisioningStyle = Automatic;
						TestTargetID = D65EA55D1FAC25510079D825;
					};
				};
			};
			buildConfigurationList = D65EA5591FAC25510079D825 /* Build configuration list for PBXProject "ParsingDataActor" */;
			compatibilityVersion = "Xcode 8.0";
			developmentRegion = en;
			hasScannedForEncodings = 0;
			knownRegions = (
				en,
				Base,
			);
			mainGroup = D65EA5551FAC25510079D825;
			productRefGroup = D65EA55F1FAC25510079D825 /* Products */;
			projectDirPath = "";
			projectRoot = "";
			targets = (
				D65EA55D1FAC25510079D825 /* ParsingDataActor */,
				D65EA5711FAC25510079D825 /* ParsingDataActorTests */,
				D65EA57C1FAC25520079D825 /* ParsingDataActorUITests */,
			);
		};
/* End PBXProject section */

/* Begin PBXResourcesBuildPhase section */
		D65EA55C1FAC25510079D825 /* Resources */ = {
			isa = PBXResourcesBuildPhase;
			buildActionMask = 2147483647;
			files = (
				D65EA56C1FAC25510079D825 /* LaunchScreen.storyboard in Resources */,
				D65EA5691FAC25510079D825 /* Assets.xcassets in Resources */,
				D65EA5671FAC25510079D825 /* Main.storyboard in Resources */,
			);
			runOnlyForDeploymentPostprocessing = 0;
		};
		D65EA5701FAC25510079D825 /* Resources */ = {
			isa = PBXResourcesBuildPhase;
			buildActionMask = 2147483647;
			files = (
			);
			runOnlyForDeploymentPostprocessing = 0;
		};
		D65EA57B1FAC25520079D825 /* Resources */ = {
			isa = PBXResourcesBuildPhase;
			buildActionMask = 2147483647;
			files = (
			);
			runOnlyForDeploymentPostprocessing = 0;
		};
/* End PBXResourcesBuildPhase section */

/* Begin PBXSourcesBuildPhase section */
		D65EA55A1FAC25510079D825 /* Sources */ = {
			isa = PBXSourcesBuildPhase;
			buildActionMask = 2147483647;
			files = (
				D65EA5921FAC26930079D825 /* TaskTableViewCell.swift in Sources */,
				D65EA5941FAC26AE0079D825 /* Actors.swift in Sources */,
				D65EA5961FAC3B830079D825 /* isiViewController.swift in Sources */,
				D65EA5901FAC267C0079D825 /* TaskTableViewController.swift in Sources */,
				D65EA5641FAC25510079D825 /* ViewController.swift in Sources */,
				D65EA5621FAC25510079D825 /* AppDelegate.swift in Sources */,
			);
			runOnlyForDeploymentPostprocessing = 0;
		};
		D65EA56E1FAC25510079D825 /* Sources */ = {
			isa = PBXSourcesBuildPhase;
			buildActionMask = 2147483647;
			files = (
				D65EA5771FAC25510079D825 /* ParsingDataActorTests.swift in Sources */,
			);
			runOnlyForDeploymentPostprocessing = 0;
		};
		D65EA5791FAC25520079D825 /* Sources */ = {
			isa = PBXSourcesBuildPhase;
			buildActionMask = 2147483647;
			files = (
				D65EA5821FAC25520079D825 /* ParsingDataActorUITests.swift in Sources */,
			);
			runOnlyForDeploymentPostprocessing = 0;
		};
/* End PBXSourcesBuildPhase section */

/* Begin PBXTargetDependency section */
		D65EA5741FAC25510079D825 /* PBXTargetDependency */ = {
			isa = PBXTargetDependency;
			target = D65EA55D1FAC25510079D825 /* ParsingDataActor */;
			targetProxy = D65EA5731FAC25510079D825 /* PBXContainerItemProxy */;
		};
		D65EA57F1FAC25520079D825 /* PBXTargetDependency */ = {
			isa = PBXTargetDependency;
			target = D65EA55D1FAC25510079D825 /* ParsingDataActor */;
			targetProxy = D65EA57E1FAC25520079D825 /* PBXContainerItemProxy */;
		};
/* End PBXTargetDependency section */

/* Begin PBXVariantGroup section */
		D65EA5651FAC25510079D825 /* Main.storyboard */ = {
			isa = PBXVariantGroup;
			children = (
				D65EA5661FAC25510079D825 /* Base */,
			);
			name = Main.storyboard;
			sourceTree = "<group>";
		};
		D65EA56A1FAC25510079D825 /* LaunchScreen.storyboard */ = {
			isa = PBXVariantGroup;
			children = (
				D65EA56B1FAC25510079D825 /* Base */,
			);
			name = LaunchScreen.storyboard;
			sourceTree = "<group>";
		};
/* End PBXVariantGroup section */

/* Begin XCBuildConfiguration section */
		D65EA5841FAC25520079D825 /* Debug */ = {
			isa = XCBuildConfiguration;
			buildSettings = {
				ALWAYS_SEARCH_USER_PATHS = NO;
				CLANG_ANALYZER_NONNULL = YES;
				CLANG_ANALYZER_NUMBER_OBJECT_CONVERSION = YES_AGGRESSIVE;
				CLANG_CXX_LANGUAGE_STANDARD = "gnu++14";
				CLANG_CXX_LIBRARY = "libc++";
				CLANG_ENABLE_MODULES = YES;
				CLANG_ENABLE_OBJC_ARC = YES;
				CLANG_WARN_BLOCK_CAPTURE_AUTORELEASING = YES;
				CLANG_WARN_BOOL_CONVERSION = YES;
				CLANG_WARN_COMMA = YES;
				CLANG_WARN_CONSTANT_CONVERSION = YES;
				CLANG_WARN_DIRECT_OBJC_ISA_USAGE = YES_ERROR;
				CLANG_WARN_DOCUMENTATION_COMMENTS = YES;
				CLANG_WARN_EMPTY_BODY = YES;
				CLANG_WARN_ENUM_CONVERSION = YES;
				CLANG_WARN_INFINITE_RECURSION = YES;
				CLANG_WARN_INT_CONVERSION = YES;
				CLANG_WARN_NON_LITERAL_NULL_CONVERSION = YES;
				CLANG_WARN_OBJC_LITERAL_CONVERSION = YES;
				CLANG_WARN_OBJC_ROOT_CLASS = YES_ERROR;
				CLANG_WARN_RANGE_LOOP_ANALYSIS = YES;
				CLANG_WARN_STRICT_PROTOTYPES = YES;
				CLANG_WARN_SUSPICIOUS_MOVE = YES;
				CLANG_WARN_UNGUARDED_AVAILABILITY = YES_AGGRESSIVE;
				CLANG_WARN_UNREACHABLE_CODE = YES;
				CLANG_WARN__DUPLICATE_METHOD_MATCH = YES;
				CODE_SIGN_IDENTITY = "iPhone Developer";
				COPY_PHASE_STRIP = NO;
				DEBUG_INFORMATION_FORMAT = dwarf;
				ENABLE_STRICT_OBJC_MSGSEND = YES;
				ENABLE_TESTABILITY = YES;
				GCC_C_LANGUAGE_STANDARD = gnu11;
				GCC_DYNAMIC_NO_PIC = NO;
				GCC_NO_COMMON_BLOCKS = YES;
				GCC_OPTIMIZATION_LEVEL = 0;
				GCC_PREPROCESSOR_DEFINITIONS = (
					"DEBUG=1",
					"$(inherited)",
				);
				GCC_WARN_64_TO_32_BIT_CONVERSION = YES;
				GCC_WARN_ABOUT_RETURN_TYPE = YES_ERROR;
				GCC_WARN_UNDECLARED_SELECTOR = YES;
				GCC_WARN_UNINITIALIZED_AUTOS = YES_AGGRESSIVE;
				GCC_WARN_UNUSED_FUNCTION = YES;
				GCC_WARN_UNUSED_VARIABLE = YES;
				IPHONEOS_DEPLOYMENT_TARGET = 11.0;
				MTL_ENABLE_DEBUG_INFO = YES;
				ONLY_ACTIVE_ARCH = YES;
				SDKROOT = iphoneos;
				SWIFT_ACTIVE_COMPILATION_CONDITIONS = DEBUG;
				SWIFT_OPTIMIZATION_LEVEL = "-Onone";
			};
			name = Debug;
		};
		D65EA5851FAC25520079D825 /* Release */ = {
			isa = XCBuildConfiguration;
			buildSettings = {
				ALWAYS_SEARCH_USER_PATHS = NO;
				CLANG_ANALYZER_NONNULL = YES;
				CLANG_ANALYZER_NUMBER_OBJECT_CONVERSION = YES_AGGRESSIVE;
				CLANG_CXX_LANGUAGE_STANDARD = "gnu++14";
				CLANG_CXX_LIBRARY = "libc++";
				CLANG_ENABLE_MODULES = YES;
				CLANG_ENABLE_OBJC_ARC = YES;
				CLANG_WARN_BLOCK_CAPTURE_AUTORELEASING = YES;
				CLANG_WARN_BOOL_CONVERSION = YES;
				CLANG_WARN_COMMA = YES;
				CLANG_WARN_CONSTANT_CONVERSION = YES;
				CLANG_WARN_DIRECT_OBJC_ISA_USAGE = YES_ERROR;
				CLANG_WARN_DOCUMENTATION_COMMENTS = YES;
				CLANG_WARN_EMPTY_BODY = YES;
				CLANG_WARN_ENUM_CONVERSION = YES;
				CLANG_WARN_INFINITE_RECURSION = YES;
				CLANG_WARN_INT_CONVERSION = YES;
				CLANG_WARN_NON_LITERAL_NULL_CONVERSION = YES;
				CLANG_WARN_OBJC_LITERAL_CONVERSION = YES;
				CLANG_WARN_OBJC_ROOT_CLASS = YES_ERROR;
				CLANG_WARN_RANGE_LOOP_ANALYSIS = YES;
				CLANG_WARN_STRICT_PROTOTYPES = YES;
				CLANG_WARN_SUSPICIOUS_MOVE = YES;
				CLANG_WARN_UNGUARDED_AVAILABILITY = YES_AGGRESSIVE;
				CLANG_WARN_UNREACHABLE_CODE = YES;
				CLANG_WARN__DUPLICATE_METHOD_MATCH = YES;
				CODE_SIGN_IDENTITY = "iPhone Developer";
				COPY_PHASE_STRIP = NO;
				DEBUG_INFORMATION_FORMAT = "dwarf-with-dsym";
				ENABLE_NS_ASSERTIONS = NO;
				ENABLE_STRICT_OBJC_MSGSEND = YES;
				GCC_C_LANGUAGE_STANDARD = gnu11;
				GCC_NO_COMMON_BLOCKS = YES;
				GCC_WARN_64_TO_32_BIT_CONVERSION = YES;
				GCC_WARN_ABOUT_RETURN_TYPE = YES_ERROR;
				GCC_WARN_UNDECLARED_SELECTOR = YES;
				GCC_WARN_UNINITIALIZED_AUTOS = YES_AGGRESSIVE;
				GCC_WARN_UNUSED_FUNCTION = YES;
				GCC_WARN_UNUSED_VARIABLE = YES;
				IPHONEOS_DEPLOYMENT_TARGET = 11.0;
				MTL_ENABLE_DEBUG_INFO = NO;
				SDKROOT = iphoneos;
				SWIFT_OPTIMIZATION_LEVEL = "-Owholemodule";
				VALIDATE_PRODUCT = YES;
			};
			name = Release;
		};
		D65EA5871FAC25520079D825 /* Debug */ = {
			isa = XCBuildConfiguration;
			buildSettings = {
				ASSETCATALOG_COMPILER_APPICON_NAME = AppIcon;
				CODE_SIGN_STYLE = Automatic;
				INFOPLIST_FILE = ParsingDataActor/Info.plist;
				LD_RUNPATH_SEARCH_PATHS = "$(inherited) @executable_path/Frameworks";
				PRODUCT_BUNDLE_IDENTIFIER = "Unique-Developers.ParsingDataActor";
				PRODUCT_NAME = "$(TARGET_NAME)";
				SWIFT_VERSION = 4.0;
				TARGETED_DEVICE_FAMILY = "1,2";
			};
			name = Debug;
		};
		D65EA5881FAC25520079D825 /* Release */ = {
			isa = XCBuildConfiguration;
			buildSettings = {
				ASSETCATALOG_COMPILER_APPICON_NAME = AppIcon;
				CODE_SIGN_STYLE = Automatic;
				INFOPLIST_FILE = ParsingDataActor/Info.plist;
				LD_RUNPATH_SEARCH_PATHS = "$(inherited) @executable_path/Frameworks";
				PRODUCT_BUNDLE_IDENTIFIER = "Unique-Developers.ParsingDataActor";
				PRODUCT_NAME = "$(TARGET_NAME)";
				SWIFT_VERSION = 4.0;
				TARGETED_DEVICE_FAMILY = "1,2";
			};
			name = Release;
		};
		D65EA58A1FAC25520079D825 /* Debug */ = {
			isa = XCBuildConfiguration;
			buildSettings = {
				ALWAYS_EMBED_SWIFT_STANDARD_LIBRARIES = YES;
				BUNDLE_LOADER = "$(TEST_HOST)";
				CODE_SIGN_STYLE = Automatic;
				INFOPLIST_FILE = ParsingDataActorTests/Info.plist;
				LD_RUNPATH_SEARCH_PATHS = "$(inherited) @executable_path/Frameworks @loader_path/Frameworks";
				PRODUCT_BUNDLE_IDENTIFIER = "Unique-Developers.ParsingDataActorTests";
				PRODUCT_NAME = "$(TARGET_NAME)";
				SWIFT_VERSION = 4.0;
				TARGETED_DEVICE_FAMILY = "1,2";
				TEST_HOST = "$(BUILT_PRODUCTS_DIR)/ParsingDataActor.app/ParsingDataActor";
			};
			name = Debug;
		};
		D65EA58B1FAC25520079D825 /* Release */ = {
			isa = XCBuildConfiguration;
			buildSettings = {
				ALWAYS_EMBED_SWIFT_STANDARD_LIBRARIES = YES;
				BUNDLE_LOADER = "$(TEST_HOST)";
				CODE_SIGN_STYLE = Automatic;
				INFOPLIST_FILE = ParsingDataActorTests/Info.plist;
				LD_RUNPATH_SEARCH_PATHS = "$(inherited) @executable_path/Frameworks @loader_path/Frameworks";
				PRODUCT_BUNDLE_IDENTIFIER = "Unique-Developers.ParsingDataActorTests";
				PRODUCT_NAME = "$(TARGET_NAME)";
				SWIFT_VERSION = 4.0;
				TARGETED_DEVICE_FAMILY = "1,2";
				TEST_HOST = "$(BUILT_PRODUCTS_DIR)/ParsingDataActor.app/ParsingDataActor";
			};
			name = Release;
		};
		D65EA58D1FAC25520079D825 /* Debug */ = {
			isa = XCBuildConfiguration;
			buildSettings = {
				ALWAYS_EMBED_SWIFT_STANDARD_LIBRARIES = YES;
				CODE_SIGN_STYLE = Automatic;
				INFOPLIST_FILE = ParsingDataActorUITests/Info.plist;
				LD_RUNPATH_SEARCH_PATHS = "$(inherited) @executable_path/Frameworks @loader_path/Frameworks";
				PRODUCT_BUNDLE_IDENTIFIER = "Unique-Developers.ParsingDataActorUITests";
				PRODUCT_NAME = "$(TARGET_NAME)";
				SWIFT_VERSION = 4.0;
				TARGETED_DEVICE_FAMILY = "1,2";
				TEST_TARGET_NAME = ParsingDataActor;
			};
			name = Debug;
		};
		D65EA58E1FAC25520079D825 /* Release */ = {
			isa = XCBuildConfiguration;
			buildSettings = {
				ALWAYS_EMBED_SWIFT_STANDARD_LIBRARIES = YES;
				CODE_SIGN_STYLE = Automatic;
				INFOPLIST_FILE = ParsingDataActorUITests/Info.plist;
				LD_RUNPATH_SEARCH_PATHS = "$(inherited) @executable_path/Frameworks @loader_path/Frameworks";
				PRODUCT_BUNDLE_IDENTIFIER = "Unique-Developers.ParsingDataActorUITests";
				PRODUCT_NAME = "$(TARGET_NAME)";
				SWIFT_VERSION = 4.0;
				TARGETED_DEVICE_FAMILY = "1,2";
				TEST_TARGET_NAME = ParsingDataActor;
			};
			name = Release;
		};
/* End XCBuildConfiguration section */

/* Begin XCConfigurationList section */
		D65EA5591FAC25510079D825 /* Build configuration list for PBXProject "ParsingDataActor" */ = {
			isa = XCConfigurationList;
			buildConfigurations = (
				D65EA5841FAC25520079D825 /* Debug */,
				D65EA5851FAC25520079D825 /* Release */,
			);
			defaultConfigurationIsVisible = 0;
			defaultConfigurationName = Release;
		};
		D65EA5861FAC25520079D825 /* Build configuration list for PBXNativeTarget "ParsingDataActor" */ = {
			isa = XCConfigurationList;
			buildConfigurations = (
				D65EA5871FAC25520079D825 /* Debug */,
				D65EA5881FAC25520079D825 /* Release */,
			);
			defaultConfigurationIsVisible = 0;
			defaultConfigurationName = Release;
		};
		D65EA5891FAC25520079D825 /* Build configuration list for PBXNativeTarget "ParsingDataActorTests" */ = {
			isa = XCConfigurationList;
			buildConfigurations = (
				D65EA58A1FAC25520079D825 /* Debug */,
				D65EA58B1FAC25520079D825 /* Release */,
			);
			defaultConfigurationIsVisible = 0;
			defaultConfigurationName = Release;
		};
		D65EA58C1FAC25520079D825 /* Build configuration list for PBXNativeTarget "ParsingDataActorUITests" */ = {
			isa = XCConfigurationList;
			buildConfigurations = (
				D65EA58D1FAC25520079D825 /* Debug */,
				D65EA58E1FAC25520079D825 /* Release */,
			);
			defaultConfigurationIsVisible = 0;
			defaultConfigurationName = Release;
		};
/* End XCConfigurationList section */
	};
	rootObject = D65EA5561FAC25510079D825 /* Project object */;
}
